
Microsoft Visual Studio Solution File, Format Version 12.00
# Visual Studio 2013
VisualStudioVersion = 12.0.31101.0
MinimumVisualStudioVersion = 10.0.40219.1
Project("{FAE04EC0-301F-11D3-BF4B-00C04F79EFBC}") = "Tital.AutoConfig", "Tital.AutoConfig\Tital.AutoConfig.csproj", "{9E02347A-2B1B-4FDE-8A94-A70CC72DEB82}"
EndProject
Project("{FAE04EC0-301F-11D3-BF4B-00C04F79EFBC}") = "Tital.AutoConfig.Test", "Tital.AutoConfig.Test\Tital.AutoConfig.Test.csproj", "{ACF31A7C-6E8E-4296-82A1-C113CB377577}"
EndProject
Global
	GlobalSection(TeamFoundationVersionControl) = preSolution
		SccNumberOfProjects = 3
		SccEnterpriseProvider = {4CA58AB2-18FA-4F8D-95D4-32DDF27D184C}
		SccTeamFoundationServer = http://tfs.shengyan.com.cn/tfs/infrastructure
		SccLocalPath0 = .
		SccProjectUniqueName1 = Tital.AutoConfig\\Tital.AutoConfig.csproj
		SccProjectName1 = Tital.AutoConfig
		SccLocalPath1 = Tital.AutoConfig
		SccProjectUniqueName2 = Tital.AutoConfig.Test\\Tital.AutoConfig.Test.csproj
		SccProjectName2 = Tital.AutoConfig.Test
		SccLocalPath2 = Tital.AutoConfig.Test
	EndGlobalSection
	GlobalSection(SolutionConfigurationPlatforms) = preSolution
		Debug|Any CPU = Debug|Any CPU
		Release|Any CPU = Release|Any CPU
	EndGlobalSection
	GlobalSection(ProjectConfigurationPlatforms) = postSolution
		{9E02347A-2B1B-4FDE-8A94-A70CC72DEB82}.Debug|Any CPU.ActiveCfg = Debug|Any CPU
		{9E02347A-2B1B-4FDE-8A94-A70CC72DEB82}.Debug|Any CPU.Build.0 = Debug|Any CPU
		{9E02347A-2B1B-4FDE-8A94-A70CC72DEB82}.Release|Any CPU.ActiveCfg = Release|Any CPU
		{9E02347A-2B1B-4FDE-8A94-A70CC72DEB82}.Release|Any CPU.Build.0 = Release|Any CPU
		{ACF31A7C-6E8E-4296-82A1-C113CB377577}.Debug|Any CPU.ActiveCfg = Debug|Any CPU
		{ACF31A7C-6E8E-4296-82A1-C113CB377577}.Debug|Any CPU.Build.0 = Debug|Any CPU
		{ACF31A7C-6E8E-4296-82A1-C113CB377577}.Release|Any CPU.ActiveCfg = Release|Any CPU
		{ACF31A7C-6E8E-4296-82A1-C113CB377577}.Release|Any CPU.Build.0 = Release|Any CPU
	EndGlobalSection
	GlobalSection(SolutionProperties) = preSolution
		HideSolutionNode = FALSE
	EndGlobalSection
EndGlobal
